
Microsoft Visual Studio Solution File, Format Version 12.00
# Visual Studio 2013
VisualStudioVersion = 12.0.40629.0
MinimumVisualStudioVersion = 10.0.40219.1
Project("{FAE04EC0-301F-11D3-BF4B-00C04F79EFBC}") = "QuanLyNongSan", "QuanLyNongSan\QuanLyNongSan.csproj", "{DE5FBC6D-6946-41C3-8583-D2E0580D0631}"
EndProject
Project("{FAE04EC0-301F-11D3-BF4B-00C04F79EFBC}") = "ThietKeCSDL", "ThietKeCSDL\ThietKeCSDL.csproj", "{67B774FE-9720-4FB2-A689-E6EF029BFCE0}"
EndProject
Project("{FAE04EC0-301F-11D3-BF4B-00C04F79EFBC}") = "UserControls", "UserControls\UserControls.csproj", "{B1F5949E-1DD3-4863-B182-7B63C719E437}"
EndProject
Global
	GlobalSection(SolutionConfigurationPlatforms) = preSolution
		Debug|Any CPU = Debug|Any CPU
		Release|Any CPU = Release|Any CPU
	EndGlobalSection
	GlobalSection(ProjectConfigurationPlatforms) = postSolution
		{DE5FBC6D-6946-41C3-8583-D2E0580D0631}.Debug|Any CPU.ActiveCfg = Debug|Any CPU
		{DE5FBC6D-6946-41C3-8583-D2E0580D0631}.Debug|Any CPU.Build.0 = Debug|Any CPU
		{DE5FBC6D-6946-41C3-8583-D2E0580D0631}.Release|Any CPU.ActiveCfg = Release|Any CPU
		{DE5FBC6D-6946-41C3-8583-D2E0580D0631}.Release|Any CPU.Build.0 = Release|Any CPU
		{67B774FE-9720-4FB2-A689-E6EF029BFCE0}.Debug|Any CPU.ActiveCfg = Debug|Any CPU
		{67B774FE-9720-4FB2-A689-E6EF029BFCE0}.Debug|Any CPU.Build.0 = Debug|Any CPU
		{67B774FE-9720-4FB2-A689-E6EF029BFCE0}.Release|Any CPU.ActiveCfg = Release|Any CPU
		{67B774FE-9720-4FB2-A689-E6EF029BFCE0}.Release|Any CPU.Build.0 = Release|Any CPU
		{B1F5949E-1DD3-4863-B182-7B63C719E437}.Debug|Any CPU.ActiveCfg = Debug|Any CPU
		{B1F5949E-1DD3-4863-B182-7B63C719E437}.Debug|Any CPU.Build.0 = Debug|Any CPU
		{B1F5949E-1DD3-4863-B182-7B63C719E437}.Release|Any CPU.ActiveCfg = Release|Any CPU
		{B1F5949E-1DD3-4863-B182-7B63C719E437}.Release|Any CPU.Build.0 = Release|Any CPU
	EndGlobalSection
	GlobalSection(SolutionProperties) = preSolution
		HideSolutionNode = FALSE
	EndGlobalSection
EndGlobal
